
Microsoft Visual Studio Solution File, Format Version 12.00
# Visual Studio Version 17
VisualStudioVersion = 17.10.35004.147
MinimumVisualStudioVersion = 10.0.40219.1
Project("{FAE04EC0-301F-11D3-BF4B-00C04F79EFBC}") = "WpfApp1", "WpfApp1\WpfApp1.csproj", "{3C2512E7-0413-41B0-BFA5-54DC14497147}"
EndProject
Global
	GlobalSection(SolutionConfigurationPlatforms) = preSolution
		Debug|Any CPU = Debug|Any CPU
		Release|Any CPU = Release|Any CPU
	EndGlobalSection
	GlobalSection(ProjectConfigurationPlatforms) = postSolution
		{3C2512E7-0413-41B0-BFA5-54DC14497147}.Debug|Any CPU.ActiveCfg = Debug|Any CPU
		{3C2512E7-0413-41B0-BFA5-54DC14497147}.Debug|Any CPU.Build.0 = Debug|Any CPU
		{3C2512E7-0413-41B0-BFA5-54DC14497147}.Release|Any CPU.ActiveCfg = Release|Any CPU
		{3C2512E7-0413-41B0-BFA5-54DC14497147}.Release|Any CPU.Build.0 = Release|Any CPU
	EndGlobalSection
	GlobalSection(SolutionProperties) = preSolution
		HideSolutionNode = FALSE
	EndGlobalSection
	GlobalSection(ExtensibilityGlobals) = postSolution
		SolutionGuid = {FD83959F-C1AD-42F0-BC2A-F236776DBFA6}
	EndGlobalSection
EndGlobal
